// !$*UTF8*$!
{
	archiveVersion = 1;
	classes = {
	};
	objectVersion = 56;
	objects = {

/* Begin PBXBuildFile section */
		A310D6A22A84A9D700634DFE /* NetworkService.swift in Sources */ = {isa = PBXBuildFile; fileRef = A310D6A12A84A9D700634DFE /* NetworkService.swift */; };
		A310D6A42A84CD8000634DFE /* FileService.swift in Sources */ = {isa = PBXBuildFile; fileRef = A310D6A32A84CD8000634DFE /* FileService.swift */; };
		A310D6A62A84CE5100634DFE /* ImageSaveService.swift in Sources */ = {isa = PBXBuildFile; fileRef = A310D6A52A84CE5100634DFE /* ImageSaveService.swift */; };
		A310D6A82A84D2FF00634DFE /* LoginRepository.swift in Sources */ = {isa = PBXBuildFile; fileRef = A310D6A72A84D2FF00634DFE /* LoginRepository.swift */; };
		A310D6AA2A84D55800634DFE /* LoginRepositoryProtocol.swift in Sources */ = {isa = PBXBuildFile; fileRef = A310D6A92A84D55800634DFE /* LoginRepositoryProtocol.swift */; };
		A310D6AC2A84D58600634DFE /* LoginUseCase.swift in Sources */ = {isa = PBXBuildFile; fileRef = A310D6AB2A84D58600634DFE /* LoginUseCase.swift */; };
		A326FB972A85D67C00794C27 /* GetAllUsersUseCase.swift in Sources */ = {isa = PBXBuildFile; fileRef = A326FB962A85D67C00794C27 /* GetAllUsersUseCase.swift */; };
		A348F3512A89AA080017DD72 /* GetCurrentUserUseCase.swift in Sources */ = {isa = PBXBuildFile; fileRef = A348F3502A89AA080017DD72 /* GetCurrentUserUseCase.swift */; };
		A348F3532A89B2BA0017DD72 /* ActiveRecentMessageListenerUseCase.swift in Sources */ = {isa = PBXBuildFile; fileRef = A348F3522A89B2BA0017DD72 /* ActiveRecentMessageListenerUseCase.swift */; };
		A348F3552A89B3CE0017DD72 /* GetUserRepositoryProtocol.swift in Sources */ = {isa = PBXBuildFile; fileRef = A348F3542A89B3CE0017DD72 /* GetUserRepositoryProtocol.swift */; };
		A348F3582A89B3EC0017DD72 /* GetUserRepository.swift in Sources */ = {isa = PBXBuildFile; fileRef = A348F3572A89B3EC0017DD72 /* GetUserRepository.swift */; };
		A348F35A2A89B4240017DD72 /* RecentMessageListenerRepositoryProtocol.swift in Sources */ = {isa = PBXBuildFile; fileRef = A348F3592A89B4240017DD72 /* RecentMessageListenerRepositoryProtocol.swift */; };
		A348F35C2A89B4410017DD72 /* RecentMessageListenerRepository.swift in Sources */ = {isa = PBXBuildFile; fileRef = A348F35B2A89B4410017DD72 /* RecentMessageListenerRepository.swift */; };
		A348F35E2A89C0640017DD72 /* RemoveRecentMessageListenerUseCase.swift in Sources */ = {isa = PBXBuildFile; fileRef = A348F35D2A89C0640017DD72 /* RemoveRecentMessageListenerUseCase.swift */; };
		A348F3602A89C6BB0017DD72 /* LogoutUseCase.swift in Sources */ = {isa = PBXBuildFile; fileRef = A348F35F2A89C6BB0017DD72 /* LogoutUseCase.swift */; };
		A348F3622A89C8CF0017DD72 /* LogoutRepositoryProtocol.swift in Sources */ = {isa = PBXBuildFile; fileRef = A348F3612A89C8CF0017DD72 /* LogoutRepositoryProtocol.swift */; };
		A348F3642A89C8E40017DD72 /* LogoutRepository.swift in Sources */ = {isa = PBXBuildFile; fileRef = A348F3632A89C8E40017DD72 /* LogoutRepository.swift */; };
		A348F3662A89D4590017DD72 /* DeleteMessageRepositoryProtocol.swift in Sources */ = {isa = PBXBuildFile; fileRef = A348F3652A89D4590017DD72 /* DeleteMessageRepositoryProtocol.swift */; };
		A348F3682A89D4770017DD72 /* DeleteMessageRepository.swift in Sources */ = {isa = PBXBuildFile; fileRef = A348F3672A89D4770017DD72 /* DeleteMessageRepository.swift */; };
		A348F36A2A89D4910017DD72 /* DeleteRecentMessageUseCase.swift in Sources */ = {isa = PBXBuildFile; fileRef = A348F3692A89D4910017DD72 /* DeleteRecentMessageUseCase.swift */; };
		A34A6E222A73829700440F93 /* ImageModifier.swift in Sources */ = {isa = PBXBuildFile; fileRef = A34A6E212A73829700440F93 /* ImageModifier.swift */; };
		A34A6E242A7382D300440F93 /* ImageViewer.swift in Sources */ = {isa = PBXBuildFile; fileRef = A34A6E232A7382D300440F93 /* ImageViewer.swift */; };
		A354F6942A5460630063652A /* SwiftUIFirebaseChatApp.swift in Sources */ = {isa = PBXBuildFile; fileRef = A354F6932A5460630063652A /* SwiftUIFirebaseChatApp.swift */; };
		A354F6962A5460630063652A /* LoginView.swift in Sources */ = {isa = PBXBuildFile; fileRef = A354F6952A5460630063652A /* LoginView.swift */; };
		A354F6982A5460640063652A /* Assets.xcassets in Resources */ = {isa = PBXBuildFile; fileRef = A354F6972A5460640063652A /* Assets.xcassets */; };
		A354F69B2A5460640063652A /* Preview Assets.xcassets in Resources */ = {isa = PBXBuildFile; fileRef = A354F69A2A5460640063652A /* Preview Assets.xcassets */; };
		A35736752A6EBFBA007B0402 /* CreateNewMessageView.swift in Sources */ = {isa = PBXBuildFile; fileRef = A35736742A6EBFBA007B0402 /* CreateNewMessageView.swift */; };
		A35736792A6F343C007B0402 /* ChatLogView.swift in Sources */ = {isa = PBXBuildFile; fileRef = A35736782A6F343C007B0402 /* ChatLogView.swift */; };
		A357367C2A6F9D50007B0402 /* FirebaseAuth in Frameworks */ = {isa = PBXBuildFile; productRef = A357367B2A6F9D50007B0402 /* FirebaseAuth */; };
		A357367E2A6F9D50007B0402 /* FirebaseFirestore in Frameworks */ = {isa = PBXBuildFile; productRef = A357367D2A6F9D50007B0402 /* FirebaseFirestore */; };
		A35736802A6F9D50007B0402 /* FirebaseFirestoreSwift in Frameworks */ = {isa = PBXBuildFile; productRef = A357367F2A6F9D50007B0402 /* FirebaseFirestoreSwift */; };
		A35736822A6F9D50007B0402 /* FirebaseStorage in Frameworks */ = {isa = PBXBuildFile; productRef = A35736812A6F9D50007B0402 /* FirebaseStorage */; };
		A35736842A6F9D9D007B0402 /* RecentMessage.swift in Sources */ = {isa = PBXBuildFile; fileRef = A35736832A6F9D9D007B0402 /* RecentMessage.swift */; };
		A35736862A6FAA51007B0402 /* ChatMessage.swift in Sources */ = {isa = PBXBuildFile; fileRef = A35736852A6FAA51007B0402 /* ChatMessage.swift */; };
		A36EF84A2A79F3C400A7DEE2 /* ImageCache.swift in Sources */ = {isa = PBXBuildFile; fileRef = A36EF8492A79F3C400A7DEE2 /* ImageCache.swift */; };
		A36EF84C2A79F42000A7DEE2 /* RemoteImage.swift in Sources */ = {isa = PBXBuildFile; fileRef = A36EF84B2A79F42000A7DEE2 /* RemoteImage.swift */; };
		A36EF84F2A79F45100A7DEE2 /* Extention+View.swift in Sources */ = {isa = PBXBuildFile; fileRef = A36EF84E2A79F45100A7DEE2 /* Extention+View.swift */; };
		A36EF8512A7A4DAD00A7DEE2 /* VideoPlayerView.swift in Sources */ = {isa = PBXBuildFile; fileRef = A36EF8502A7A4DAD00A7DEE2 /* VideoPlayerView.swift */; };
		A375D0892A55BC720058C415 /* GoogleService-Info.plist in Resources */ = {isa = PBXBuildFile; fileRef = A375D0882A55BC720058C415 /* GoogleService-Info.plist */; };
		A392147C2A83104600BF833D /* RoundedCorner.swift in Sources */ = {isa = PBXBuildFile; fileRef = A392147B2A83104600BF833D /* RoundedCorner.swift */; };
		A392147E2A8319BE00BF833D /* FileInfo.swift in Sources */ = {isa = PBXBuildFile; fileRef = A392147D2A8319BE00BF833D /* FileInfo.swift */; };
		A39214852A832ED200BF833D /* CreateAccountUseCase.swift in Sources */ = {isa = PBXBuildFile; fileRef = A39214842A832ED200BF833D /* CreateAccountUseCase.swift */; };
		A39214892A837B3900BF833D /* CreateAccountRepositoryProtocol.swift in Sources */ = {isa = PBXBuildFile; fileRef = A39214882A837B3900BF833D /* CreateAccountRepositoryProtocol.swift */; };
		A392148B2A837B8100BF833D /* CreateAccountRepository.swift in Sources */ = {isa = PBXBuildFile; fileRef = A392148A2A837B8100BF833D /* CreateAccountRepository.swift */; };
		A3B029172A59AA9C008161CE /* FirebaseManager.swift in Sources */ = {isa = PBXBuildFile; fileRef = A3B029162A59AA9C008161CE /* FirebaseManager.swift */; };
		A3B029192A59AAF7008161CE /* LoginViewModel.swift in Sources */ = {isa = PBXBuildFile; fileRef = A3B029182A59AAF7008161CE /* LoginViewModel.swift */; };
		A3B0291B2A59AD09008161CE /* ImagePicker.swift in Sources */ = {isa = PBXBuildFile; fileRef = A3B0291A2A59AD09008161CE /* ImagePicker.swift */; };
		A3B029242A5C41EB008161CE /* MainMessageView.swift in Sources */ = {isa = PBXBuildFile; fileRef = A3B029232A5C41EB008161CE /* MainMessageView.swift */; };
		A3B722522A6D682E005F713F /* ChatUser.swift in Sources */ = {isa = PBXBuildFile; fileRef = A3B722512A6D682E005F713F /* ChatUser.swift */; };
		A3CED45C2A70A9A0001DD436 /* ChatLogViewModel.swift in Sources */ = {isa = PBXBuildFile; fileRef = A3CED45B2A70A9A0001DD436 /* ChatLogViewModel.swift */; };
		A3CED45E2A70AC42001DD436 /* CreateNewMessageViewModel.swift in Sources */ = {isa = PBXBuildFile; fileRef = A3CED45D2A70AC42001DD436 /* CreateNewMessageViewModel.swift */; };
		A3CED4602A70B2FE001DD436 /* MainMessageViewModel.swift in Sources */ = {isa = PBXBuildFile; fileRef = A3CED45F2A70B2FE001DD436 /* MainMessageViewModel.swift */; };
		A3CED4632A70B6B5001DD436 /* ProfileImageView.swift in Sources */ = {isa = PBXBuildFile; fileRef = A3CED4622A70B6B5001DD436 /* ProfileImageView.swift */; };
		A3CED4662A70B6FE001DD436 /* FirebaseConstants.swift in Sources */ = {isa = PBXBuildFile; fileRef = A3CED4652A70B6FE001DD436 /* FirebaseConstants.swift */; };
/* End PBXBuildFile section */

/* Begin PBXFileReference section */
		A310D6A02A84890A00634DFE /* Info.plist */ = {isa = PBXFileReference; lastKnownFileType = text.plist.xml; path = Info.plist; sourceTree = "<group>"; };
		A310D6A12A84A9D700634DFE /* NetworkService.swift */ = {isa = PBXFileReference; lastKnownFileType = sourcecode.swift; path = NetworkService.swift; sourceTree = "<group>"; };
		A310D6A32A84CD8000634DFE /* FileService.swift */ = {isa = PBXFileReference; lastKnownFileType = sourcecode.swift; path = FileService.swift; sourceTree = "<group>"; };
		A310D6A52A84CE5100634DFE /* ImageSaveService.swift */ = {isa = PBXFileReference; lastKnownFileType = sourcecode.swift; path = ImageSaveService.swift; sourceTree = "<group>"; };
		A310D6A72A84D2FF00634DFE /* LoginRepository.swift */ = {isa = PBXFileReference; lastKnownFileType = sourcecode.swift; path = LoginRepository.swift; sourceTree = "<group>"; };
		A310D6A92A84D55800634DFE /* LoginRepositoryProtocol.swift */ = {isa = PBXFileReference; lastKnownFileType = sourcecode.swift; path = LoginRepositoryProtocol.swift; sourceTree = "<group>"; };
		A310D6AB2A84D58600634DFE /* LoginUseCase.swift */ = {isa = PBXFileReference; lastKnownFileType = sourcecode.swift; path = LoginUseCase.swift; sourceTree = "<group>"; };
		A326FB962A85D67C00794C27 /* GetAllUsersUseCase.swift */ = {isa = PBXFileReference; lastKnownFileType = sourcecode.swift; path = GetAllUsersUseCase.swift; sourceTree = "<group>"; };
		A348F3502A89AA080017DD72 /* GetCurrentUserUseCase.swift */ = {isa = PBXFileReference; lastKnownFileType = sourcecode.swift; path = GetCurrentUserUseCase.swift; sourceTree = "<group>"; };
		A348F3522A89B2BA0017DD72 /* ActiveRecentMessageListenerUseCase.swift */ = {isa = PBXFileReference; lastKnownFileType = sourcecode.swift; path = ActiveRecentMessageListenerUseCase.swift; sourceTree = "<group>"; };
		A348F3542A89B3CE0017DD72 /* GetUserRepositoryProtocol.swift */ = {isa = PBXFileReference; lastKnownFileType = sourcecode.swift; path = GetUserRepositoryProtocol.swift; sourceTree = "<group>"; };
		A348F3572A89B3EC0017DD72 /* GetUserRepository.swift */ = {isa = PBXFileReference; lastKnownFileType = sourcecode.swift; path = GetUserRepository.swift; sourceTree = "<group>"; };
		A348F3592A89B4240017DD72 /* RecentMessageListenerRepositoryProtocol.swift */ = {isa = PBXFileReference; lastKnownFileType = sourcecode.swift; path = RecentMessageListenerRepositoryProtocol.swift; sourceTree = "<group>"; };
		A348F35B2A89B4410017DD72 /* RecentMessageListenerRepository.swift */ = {isa = PBXFileReference; lastKnownFileType = sourcecode.swift; path = RecentMessageListenerRepository.swift; sourceTree = "<group>"; };
		A348F35D2A89C0640017DD72 /* RemoveRecentMessageListenerUseCase.swift */ = {isa = PBXFileReference; lastKnownFileType = sourcecode.swift; path = RemoveRecentMessageListenerUseCase.swift; sourceTree = "<group>"; };
		A348F35F2A89C6BB0017DD72 /* LogoutUseCase.swift */ = {isa = PBXFileReference; lastKnownFileType = sourcecode.swift; path = LogoutUseCase.swift; sourceTree = "<group>"; };
		A348F3612A89C8CF0017DD72 /* LogoutRepositoryProtocol.swift */ = {isa = PBXFileReference; lastKnownFileType = sourcecode.swift; path = LogoutRepositoryProtocol.swift; sourceTree = "<group>"; };
		A348F3632A89C8E40017DD72 /* LogoutRepository.swift */ = {isa = PBXFileReference; lastKnownFileType = sourcecode.swift; path = LogoutRepository.swift; sourceTree = "<group>"; };
		A348F3652A89D4590017DD72 /* DeleteMessageRepositoryProtocol.swift */ = {isa = PBXFileReference; lastKnownFileType = sourcecode.swift; path = DeleteMessageRepositoryProtocol.swift; sourceTree = "<group>"; };
		A348F3672A89D4770017DD72 /* DeleteMessageRepository.swift */ = {isa = PBXFileReference; lastKnownFileType = sourcecode.swift; path = DeleteMessageRepository.swift; sourceTree = "<group>"; };
		A348F3692A89D4910017DD72 /* DeleteRecentMessageUseCase.swift */ = {isa = PBXFileReference; lastKnownFileType = sourcecode.swift; path = DeleteRecentMessageUseCase.swift; sourceTree = "<group>"; };
		A34A6E212A73829700440F93 /* ImageModifier.swift */ = {isa = PBXFileReference; lastKnownFileType = sourcecode.swift; path = ImageModifier.swift; sourceTree = "<group>"; };
		A34A6E232A7382D300440F93 /* ImageViewer.swift */ = {isa = PBXFileReference; lastKnownFileType = sourcecode.swift; path = ImageViewer.swift; sourceTree = "<group>"; };
		A354F6902A5460630063652A /* SwiftUIFirebaseChat.app */ = {isa = PBXFileReference; explicitFileType = wrapper.application; includeInIndex = 0; path = SwiftUIFirebaseChat.app; sourceTree = BUILT_PRODUCTS_DIR; };
		A354F6932A5460630063652A /* SwiftUIFirebaseChatApp.swift */ = {isa = PBXFileReference; lastKnownFileType = sourcecode.swift; path = SwiftUIFirebaseChatApp.swift; sourceTree = "<group>"; };
		A354F6952A5460630063652A /* LoginView.swift */ = {isa = PBXFileReference; lastKnownFileType = sourcecode.swift; path = LoginView.swift; sourceTree = "<group>"; };
		A354F6972A5460640063652A /* Assets.xcassets */ = {isa = PBXFileReference; lastKnownFileType = folder.assetcatalog; path = Assets.xcassets; sourceTree = "<group>"; };
		A354F69A2A5460640063652A /* Preview Assets.xcassets */ = {isa = PBXFileReference; lastKnownFileType = folder.assetcatalog; path = "Preview Assets.xcassets"; sourceTree = "<group>"; };
		A35736742A6EBFBA007B0402 /* CreateNewMessageView.swift */ = {isa = PBXFileReference; lastKnownFileType = sourcecode.swift; path = CreateNewMessageView.swift; sourceTree = "<group>"; };
		A35736782A6F343C007B0402 /* ChatLogView.swift */ = {isa = PBXFileReference; lastKnownFileType = sourcecode.swift; path = ChatLogView.swift; sourceTree = "<group>"; };
		A35736832A6F9D9D007B0402 /* RecentMessage.swift */ = {isa = PBXFileReference; lastKnownFileType = sourcecode.swift; path = RecentMessage.swift; sourceTree = "<group>"; };
		A35736852A6FAA51007B0402 /* ChatMessage.swift */ = {isa = PBXFileReference; lastKnownFileType = sourcecode.swift; path = ChatMessage.swift; sourceTree = "<group>"; };
		A36EF8492A79F3C400A7DEE2 /* ImageCache.swift */ = {isa = PBXFileReference; lastKnownFileType = sourcecode.swift; path = ImageCache.swift; sourceTree = "<group>"; };
		A36EF84B2A79F42000A7DEE2 /* RemoteImage.swift */ = {isa = PBXFileReference; lastKnownFileType = sourcecode.swift; path = RemoteImage.swift; sourceTree = "<group>"; };
		A36EF84E2A79F45100A7DEE2 /* Extention+View.swift */ = {isa = PBXFileReference; lastKnownFileType = sourcecode.swift; path = "Extention+View.swift"; sourceTree = "<group>"; };
		A36EF8502A7A4DAD00A7DEE2 /* VideoPlayerView.swift */ = {isa = PBXFileReference; lastKnownFileType = sourcecode.swift; path = VideoPlayerView.swift; sourceTree = "<group>"; };
		A375D0882A55BC720058C415 /* GoogleService-Info.plist */ = {isa = PBXFileReference; fileEncoding = 4; lastKnownFileType = text.plist.xml; path = "GoogleService-Info.plist"; sourceTree = "<group>"; };
		A392147B2A83104600BF833D /* RoundedCorner.swift */ = {isa = PBXFileReference; lastKnownFileType = sourcecode.swift; path = RoundedCorner.swift; sourceTree = "<group>"; };
		A392147D2A8319BE00BF833D /* FileInfo.swift */ = {isa = PBXFileReference; lastKnownFileType = sourcecode.swift; path = FileInfo.swift; sourceTree = "<group>"; };
		A39214842A832ED200BF833D /* CreateAccountUseCase.swift */ = {isa = PBXFileReference; lastKnownFileType = sourcecode.swift; path = CreateAccountUseCase.swift; sourceTree = "<group>"; };
		A39214882A837B3900BF833D /* CreateAccountRepositoryProtocol.swift */ = {isa = PBXFileReference; lastKnownFileType = sourcecode.swift; path = CreateAccountRepositoryProtocol.swift; sourceTree = "<group>"; };
		A392148A2A837B8100BF833D /* CreateAccountRepository.swift */ = {isa = PBXFileReference; lastKnownFileType = sourcecode.swift; path = CreateAccountRepository.swift; sourceTree = "<group>"; };
		A3B029162A59AA9C008161CE /* FirebaseManager.swift */ = {isa = PBXFileReference; lastKnownFileType = sourcecode.swift; path = FirebaseManager.swift; sourceTree = "<group>"; };
		A3B029182A59AAF7008161CE /* LoginViewModel.swift */ = {isa = PBXFileReference; lastKnownFileType = sourcecode.swift; path = LoginViewModel.swift; sourceTree = "<group>"; };
		A3B0291A2A59AD09008161CE /* ImagePicker.swift */ = {isa = PBXFileReference; lastKnownFileType = sourcecode.swift; path = ImagePicker.swift; sourceTree = "<group>"; };
		A3B029232A5C41EB008161CE /* MainMessageView.swift */ = {isa = PBXFileReference; lastKnownFileType = sourcecode.swift; path = MainMessageView.swift; sourceTree = "<group>"; };
		A3B722512A6D682E005F713F /* ChatUser.swift */ = {isa = PBXFileReference; lastKnownFileType = sourcecode.swift; path = ChatUser.swift; sourceTree = "<group>"; };
		A3CED45B2A70A9A0001DD436 /* ChatLogViewModel.swift */ = {isa = PBXFileReference; lastKnownFileType = sourcecode.swift; path = ChatLogViewModel.swift; sourceTree = "<group>"; };
		A3CED45D2A70AC42001DD436 /* CreateNewMessageViewModel.swift */ = {isa = PBXFileReference; lastKnownFileType = sourcecode.swift; path = CreateNewMessageViewModel.swift; sourceTree = "<group>"; };
		A3CED45F2A70B2FE001DD436 /* MainMessageViewModel.swift */ = {isa = PBXFileReference; lastKnownFileType = sourcecode.swift; path = MainMessageViewModel.swift; sourceTree = "<group>"; };
		A3CED4622A70B6B5001DD436 /* ProfileImageView.swift */ = {isa = PBXFileReference; lastKnownFileType = sourcecode.swift; path = ProfileImageView.swift; sourceTree = "<group>"; };
		A3CED4652A70B6FE001DD436 /* FirebaseConstants.swift */ = {isa = PBXFileReference; lastKnownFileType = sourcecode.swift; path = FirebaseConstants.swift; sourceTree = "<group>"; };
/* End PBXFileReference section */

/* Begin PBXFrameworksBuildPhase section */
		A354F68D2A5460630063652A /* Frameworks */ = {
			isa = PBXFrameworksBuildPhase;
			buildActionMask = 2147483647;
			files = (
				A357367C2A6F9D50007B0402 /* FirebaseAuth in Frameworks */,
				A35736822A6F9D50007B0402 /* FirebaseStorage in Frameworks */,
				A357367E2A6F9D50007B0402 /* FirebaseFirestore in Frameworks */,
				A35736802A6F9D50007B0402 /* FirebaseFirestoreSwift in Frameworks */,
			);
			runOnlyForDeploymentPostprocessing = 0;
		};
/* End PBXFrameworksBuildPhase section */

/* Begin PBXGroup section */
		A310D6AD2A84D87D00634DFE /* ReSource */ = {
			isa = PBXGroup;
			children = (
				A375D0882A55BC720058C415 /* GoogleService-Info.plist */,
				A354F6972A5460640063652A /* Assets.xcassets */,
			);
			path = ReSource;
			sourceTree = "<group>";
		};
		A326FB952A85D60500794C27 /* Message */ = {
			isa = PBXGroup;
			children = (
				A348F35F2A89C6BB0017DD72 /* LogoutUseCase.swift */,
				A326FB962A85D67C00794C27 /* GetAllUsersUseCase.swift */,
				A348F3502A89AA080017DD72 /* GetCurrentUserUseCase.swift */,
				A348F3522A89B2BA0017DD72 /* ActiveRecentMessageListenerUseCase.swift */,
				A348F35D2A89C0640017DD72 /* RemoveRecentMessageListenerUseCase.swift */,
				A348F3692A89D4910017DD72 /* DeleteRecentMessageUseCase.swift */,
			);
			path = Message;
			sourceTree = "<group>";
		};
		A354F6872A5460630063652A = {
			isa = PBXGroup;
			children = (
				A354F6922A5460630063652A /* SwiftUIFirebaseChat */,
				A354F6912A5460630063652A /* Products */,
			);
			sourceTree = "<group>";
		};
		A354F6912A5460630063652A /* Products */ = {
			isa = PBXGroup;
			children = (
				A354F6902A5460630063652A /* SwiftUIFirebaseChat.app */,
			);
			name = Products;
			sourceTree = "<group>";
		};
		A354F6922A5460630063652A /* SwiftUIFirebaseChat */ = {
			isa = PBXGroup;
			children = (
				A354F6932A5460630063652A /* SwiftUIFirebaseChatApp.swift */,
				A310D6A02A84890A00634DFE /* Info.plist */,
				A310D6AD2A84D87D00634DFE /* ReSource */,
				A3B0291F2A59AD3E008161CE /* Manager */,
				A3B0291E2A59AD32008161CE /* Common */,
				A39214862A837AA600BF833D /* Data */,
				A39214802A832DE900BF833D /* Domain */,
				A392148D2A837D1000BF833D /* Presentation */,
				A354F6992A5460640063652A /* Preview Content */,
			);
			path = SwiftUIFirebaseChat;
			sourceTree = "<group>";
		};
		A354F6992A5460640063652A /* Preview Content */ = {
			isa = PBXGroup;
			children = (
				A354F69A2A5460640063652A /* Preview Assets.xcassets */,
			);
			path = "Preview Content";
			sourceTree = "<group>";
		};
		A35736732A6EBF9C007B0402 /* NewMessage */ = {
			isa = PBXGroup;
			children = (
				A3CED45D2A70AC42001DD436 /* CreateNewMessageViewModel.swift */,
				A35736742A6EBFBA007B0402 /* CreateNewMessageView.swift */,
			);
			path = NewMessage;
			sourceTree = "<group>";
		};
		A35736762A6F3422007B0402 /* Chat */ = {
			isa = PBXGroup;
			children = (
				A3CED45B2A70A9A0001DD436 /* ChatLogViewModel.swift */,
				A35736782A6F343C007B0402 /* ChatLogView.swift */,
			);
			path = Chat;
			sourceTree = "<group>";
		};
		A36EF8482A79F3B700A7DEE2 /* Utills */ = {
			isa = PBXGroup;
			children = (
				A3B0291A2A59AD09008161CE /* ImagePicker.swift */,
				A36EF8492A79F3C400A7DEE2 /* ImageCache.swift */,
				A392147B2A83104600BF833D /* RoundedCorner.swift */,
			);
			path = Utills;
			sourceTree = "<group>";
		};
		A36EF84D2A79F44000A7DEE2 /* Extension */ = {
			isa = PBXGroup;
			children = (
				A36EF84E2A79F45100A7DEE2 /* Extention+View.swift */,
			);
			path = Extension;
			sourceTree = "<group>";
		};
		A39214802A832DE900BF833D /* Domain */ = {
			isa = PBXGroup;
			children = (
				A3B722502A6D6814005F713F /* Model */,
				A392148C2A837C2800BF833D /* Repository */,
				A39214822A832E0700BF833D /* UseCases */,
			);
			path = Domain;
			sourceTree = "<group>";
		};
		A39214822A832E0700BF833D /* UseCases */ = {
			isa = PBXGroup;
			children = (
				A39214832A832E5F00BF833D /* Login */,
				A326FB952A85D60500794C27 /* Message */,
			);
			path = UseCases;
			sourceTree = "<group>";
		};
		A39214832A832E5F00BF833D /* Login */ = {
			isa = PBXGroup;
			children = (
				A39214842A832ED200BF833D /* CreateAccountUseCase.swift */,
				A310D6AB2A84D58600634DFE /* LoginUseCase.swift */,
			);
			path = Login;
			sourceTree = "<group>";
		};
		A39214862A837AA600BF833D /* Data */ = {
			isa = PBXGroup;
			children = (
				A39214872A837AFF00BF833D /* Repository */,
			);
			path = Data;
			sourceTree = "<group>";
		};
		A39214872A837AFF00BF833D /* Repository */ = {
			isa = PBXGroup;
			children = (
				A39214882A837B3900BF833D /* CreateAccountRepositoryProtocol.swift */,
				A310D6A92A84D55800634DFE /* LoginRepositoryProtocol.swift */,
				A348F3612A89C8CF0017DD72 /* LogoutRepositoryProtocol.swift */,
				A348F3542A89B3CE0017DD72 /* GetUserRepositoryProtocol.swift */,
				A348F3592A89B4240017DD72 /* RecentMessageListenerRepositoryProtocol.swift */,
				A348F3652A89D4590017DD72 /* DeleteMessageRepositoryProtocol.swift */,
			);
			path = Repository;
			sourceTree = "<group>";
		};
		A392148C2A837C2800BF833D /* Repository */ = {
			isa = PBXGroup;
			children = (
				A392148A2A837B8100BF833D /* CreateAccountRepository.swift */,
				A310D6A72A84D2FF00634DFE /* LoginRepository.swift */,
				A348F3632A89C8E40017DD72 /* LogoutRepository.swift */,
				A348F3572A89B3EC0017DD72 /* GetUserRepository.swift */,
				A348F35B2A89B4410017DD72 /* RecentMessageListenerRepository.swift */,
				A348F3672A89D4770017DD72 /* DeleteMessageRepository.swift */,
			);
			path = Repository;
			sourceTree = "<group>";
		};
		A392148D2A837D1000BF833D /* Presentation */ = {
			isa = PBXGroup;
			children = (
				A3B029212A5C41D0008161CE /* MainMessage */,
				A3B029202A5C4199008161CE /* Login */,
			);
			path = Presentation;
			sourceTree = "<group>";
		};
		A3B0291E2A59AD32008161CE /* Common */ = {
			isa = PBXGroup;
			children = (
				A36EF8482A79F3B700A7DEE2 /* Utills */,
				A3CED4612A70B6A8001DD436 /* View */,
				A3CED4642A70B6F1001DD436 /* enum */,
				A36EF84D2A79F44000A7DEE2 /* Extension */,
			);
			path = Common;
			sourceTree = "<group>";
		};
		A3B0291F2A59AD3E008161CE /* Manager */ = {
			isa = PBXGroup;
			children = (
				A3B029162A59AA9C008161CE /* FirebaseManager.swift */,
				A310D6A12A84A9D700634DFE /* NetworkService.swift */,
				A310D6A32A84CD8000634DFE /* FileService.swift */,
				A310D6A52A84CE5100634DFE /* ImageSaveService.swift */,
			);
			path = Manager;
			sourceTree = "<group>";
		};
		A3B029202A5C4199008161CE /* Login */ = {
			isa = PBXGroup;
			children = (
				A3B029182A59AAF7008161CE /* LoginViewModel.swift */,
				A354F6952A5460630063652A /* LoginView.swift */,
			);
			path = Login;
			sourceTree = "<group>";
		};
		A3B029212A5C41D0008161CE /* MainMessage */ = {
			isa = PBXGroup;
			children = (
				A3CED45F2A70B2FE001DD436 /* MainMessageViewModel.swift */,
				A3B029232A5C41EB008161CE /* MainMessageView.swift */,
				A35736732A6EBF9C007B0402 /* NewMessage */,
				A35736762A6F3422007B0402 /* Chat */,
			);
			path = MainMessage;
			sourceTree = "<group>";
		};
		A3B722502A6D6814005F713F /* Model */ = {
			isa = PBXGroup;
			children = (
				A3B722512A6D682E005F713F /* ChatUser.swift */,
				A35736832A6F9D9D007B0402 /* RecentMessage.swift */,
				A35736852A6FAA51007B0402 /* ChatMessage.swift */,
				A392147D2A8319BE00BF833D /* FileInfo.swift */,
			);
			path = Model;
			sourceTree = "<group>";
		};
		A3CED4612A70B6A8001DD436 /* View */ = {
			isa = PBXGroup;
			children = (
				A3CED4622A70B6B5001DD436 /* ProfileImageView.swift */,
				A34A6E212A73829700440F93 /* ImageModifier.swift */,
				A34A6E232A7382D300440F93 /* ImageViewer.swift */,
				A36EF8502A7A4DAD00A7DEE2 /* VideoPlayerView.swift */,
				A36EF84B2A79F42000A7DEE2 /* RemoteImage.swift */,
			);
			path = View;
			sourceTree = "<group>";
		};
		A3CED4642A70B6F1001DD436 /* enum */ = {
			isa = PBXGroup;
			children = (
				A3CED4652A70B6FE001DD436 /* FirebaseConstants.swift */,
			);
			path = enum;
			sourceTree = "<group>";
		};
/* End PBXGroup section */

/* Begin PBXNativeTarget section */
		A354F68F2A5460630063652A /* SwiftUIFirebaseChat */ = {
			isa = PBXNativeTarget;
			buildConfigurationList = A354F69E2A5460640063652A /* Build configuration list for PBXNativeTarget "SwiftUIFirebaseChat" */;
			buildPhases = (
				A354F68C2A5460630063652A /* Sources */,
				A354F68D2A5460630063652A /* Frameworks */,
				A354F68E2A5460630063652A /* Resources */,
			);
			buildRules = (
			);
			dependencies = (
			);
			name = SwiftUIFirebaseChat;
			packageProductDependencies = (
				A357367B2A6F9D50007B0402 /* FirebaseAuth */,
				A357367D2A6F9D50007B0402 /* FirebaseFirestore */,
				A357367F2A6F9D50007B0402 /* FirebaseFirestoreSwift */,
				A35736812A6F9D50007B0402 /* FirebaseStorage */,
			);
			productName = SwiftUIFirebaseChat;
			productReference = A354F6902A5460630063652A /* SwiftUIFirebaseChat.app */;
			productType = "com.apple.product-type.application";
		};
/* End PBXNativeTarget section */

/* Begin PBXProject section */
		A354F6882A5460630063652A /* Project object */ = {
			isa = PBXProject;
			attributes = {
				BuildIndependentTargetsInParallel = 1;
				LastSwiftUpdateCheck = 1430;
				LastUpgradeCheck = 1430;
				TargetAttributes = {
					A354F68F2A5460630063652A = {
						CreatedOnToolsVersion = 14.3.1;
					};
				};
			};
			buildConfigurationList = A354F68B2A5460630063652A /* Build configuration list for PBXProject "SwiftUIFirebaseChat" */;
			compatibilityVersion = "Xcode 14.0";
			developmentRegion = en;
			hasScannedForEncodings = 0;
			knownRegions = (
				en,
				Base,
			);
			mainGroup = A354F6872A5460630063652A;
			packageReferences = (
				A357367A2A6F9D50007B0402 /* XCRemoteSwiftPackageReference "firebase-ios-sdk" */,
			);
			productRefGroup = A354F6912A5460630063652A /* Products */;
			projectDirPath = "";
			projectRoot = "";
			targets = (
				A354F68F2A5460630063652A /* SwiftUIFirebaseChat */,
			);
		};
/* End PBXProject section */

/* Begin PBXResourcesBuildPhase section */
		A354F68E2A5460630063652A /* Resources */ = {
			isa = PBXResourcesBuildPhase;
			buildActionMask = 2147483647;
			files = (
				A354F69B2A5460640063652A /* Preview Assets.xcassets in Resources */,
				A354F6982A5460640063652A /* Assets.xcassets in Resources */,
				A375D0892A55BC720058C415 /* GoogleService-Info.plist in Resources */,
			);
			runOnlyForDeploymentPostprocessing = 0;
		};
/* End PBXResourcesBuildPhase section */

/* Begin PBXSourcesBuildPhase section */
		A354F68C2A5460630063652A /* Sources */ = {
			isa = PBXSourcesBuildPhase;
			buildActionMask = 2147483647;
			files = (
				A348F35E2A89C0640017DD72 /* RemoveRecentMessageListenerUseCase.swift in Sources */,
				A3CED4662A70B6FE001DD436 /* FirebaseConstants.swift in Sources */,
				A39214892A837B3900BF833D /* CreateAccountRepositoryProtocol.swift in Sources */,
				A3B722522A6D682E005F713F /* ChatUser.swift in Sources */,
				A3B029192A59AAF7008161CE /* LoginViewModel.swift in Sources */,
				A36EF84C2A79F42000A7DEE2 /* RemoteImage.swift in Sources */,
				A348F3682A89D4770017DD72 /* DeleteMessageRepository.swift in Sources */,
				A34A6E222A73829700440F93 /* ImageModifier.swift in Sources */,
				A310D6A62A84CE5100634DFE /* ImageSaveService.swift in Sources */,
				A310D6AC2A84D58600634DFE /* LoginUseCase.swift in Sources */,
				A310D6AA2A84D55800634DFE /* LoginRepositoryProtocol.swift in Sources */,
				A348F3512A89AA080017DD72 /* GetCurrentUserUseCase.swift in Sources */,
				A310D6A22A84A9D700634DFE /* NetworkService.swift in Sources */,
				A35736842A6F9D9D007B0402 /* RecentMessage.swift in Sources */,
				A348F36A2A89D4910017DD72 /* DeleteRecentMessageUseCase.swift in Sources */,
				A3CED45E2A70AC42001DD436 /* CreateNewMessageViewModel.swift in Sources */,
				A392147C2A83104600BF833D /* RoundedCorner.swift in Sources */,
				A36EF84F2A79F45100A7DEE2 /* Extention+View.swift in Sources */,
				A3B029172A59AA9C008161CE /* FirebaseManager.swift in Sources */,
				A326FB972A85D67C00794C27 /* GetAllUsersUseCase.swift in Sources */,
				A392148B2A837B8100BF833D /* CreateAccountRepository.swift in Sources */,
				A348F3642A89C8E40017DD72 /* LogoutRepository.swift in Sources */,
				A35736752A6EBFBA007B0402 /* CreateNewMessageView.swift in Sources */,
				A35736862A6FAA51007B0402 /* ChatMessage.swift in Sources */,
				A36EF84A2A79F3C400A7DEE2 /* ImageCache.swift in Sources */,
				A3B0291B2A59AD09008161CE /* ImagePicker.swift in Sources */,
				A354F6962A5460630063652A /* LoginView.swift in Sources */,
				A348F3582A89B3EC0017DD72 /* GetUserRepository.swift in Sources */,
				A39214852A832ED200BF833D /* CreateAccountUseCase.swift in Sources */,
				A3CED4602A70B2FE001DD436 /* MainMessageViewModel.swift in Sources */,
				A310D6A42A84CD8000634DFE /* FileService.swift in Sources */,
				A348F3552A89B3CE0017DD72 /* GetUserRepositoryProtocol.swift in Sources */,
				A348F35C2A89B4410017DD72 /* RecentMessageListenerRepository.swift in Sources */,
				A35736792A6F343C007B0402 /* ChatLogView.swift in Sources */,
				A354F6942A5460630063652A /* SwiftUIFirebaseChatApp.swift in Sources */,
				A3CED4632A70B6B5001DD436 /* ProfileImageView.swift in Sources */,
				A34A6E242A7382D300440F93 /* ImageViewer.swift in Sources */,
				A3B029242A5C41EB008161CE /* MainMessageView.swift in Sources */,
				A348F3602A89C6BB0017DD72 /* LogoutUseCase.swift in Sources */,
				A392147E2A8319BE00BF833D /* FileInfo.swift in Sources */,
				A310D6A82A84D2FF00634DFE /* LoginRepository.swift in Sources */,
				A36EF8512A7A4DAD00A7DEE2 /* VideoPlayerView.swift in Sources */,
				A348F3662A89D4590017DD72 /* DeleteMessageRepositoryProtocol.swift in Sources */,
				A348F3532A89B2BA0017DD72 /* ActiveRecentMessageListenerUseCase.swift in Sources */,
				A348F3622A89C8CF0017DD72 /* LogoutRepositoryProtocol.swift in Sources */,
				A3CED45C2A70A9A0001DD436 /* ChatLogViewModel.swift in Sources */,
				A348F35A2A89B4240017DD72 /* RecentMessageListenerRepositoryProtocol.swift in Sources */,
			);
			runOnlyForDeploymentPostprocessing = 0;
		};
/* End PBXSourcesBuildPhase section */

/* Begin XCBuildConfiguration section */
		A354F69C2A5460640063652A /* Debug */ = {
			isa = XCBuildConfiguration;
			buildSettings = {
				ALWAYS_SEARCH_USER_PATHS = NO;
				CLANG_ANALYZER_NONNULL = YES;
				CLANG_ANALYZER_NUMBER_OBJECT_CONVERSION = YES_AGGRESSIVE;
				CLANG_CXX_LANGUAGE_STANDARD = "gnu++20";
				CLANG_ENABLE_MODULES = YES;
				CLANG_ENABLE_OBJC_ARC = YES;
				CLANG_ENABLE_OBJC_WEAK = YES;
				CLANG_WARN_BLOCK_CAPTURE_AUTORELEASING = YES;
				CLANG_WARN_BOOL_CONVERSION = YES;
				CLANG_WARN_COMMA = YES;
				CLANG_WARN_CONSTANT_CONVERSION = YES;
				CLANG_WARN_DEPRECATED_OBJC_IMPLEMENTATIONS = YES;
				CLANG_WARN_DIRECT_OBJC_ISA_USAGE = YES_ERROR;
				CLANG_WARN_DOCUMENTATION_COMMENTS = YES;
				CLANG_WARN_EMPTY_BODY = YES;
				CLANG_WARN_ENUM_CONVERSION = YES;
				CLANG_WARN_INFINITE_RECURSION = YES;
				CLANG_WARN_INT_CONVERSION = YES;
				CLANG_WARN_NON_LITERAL_NULL_CONVERSION = YES;
				CLANG_WARN_OBJC_IMPLICIT_RETAIN_SELF = YES;
				CLANG_WARN_OBJC_LITERAL_CONVERSION = YES;
				CLANG_WARN_OBJC_ROOT_CLASS = YES_ERROR;
				CLANG_WARN_QUOTED_INCLUDE_IN_FRAMEWORK_HEADER = YES;
				CLANG_WARN_RANGE_LOOP_ANALYSIS = YES;
				CLANG_WARN_STRICT_PROTOTYPES = YES;
				CLANG_WARN_SUSPICIOUS_MOVE = YES;
				CLANG_WARN_UNGUARDED_AVAILABILITY = YES_AGGRESSIVE;
				CLANG_WARN_UNREACHABLE_CODE = YES;
				CLANG_WARN__DUPLICATE_METHOD_MATCH = YES;
				COPY_PHASE_STRIP = NO;
				DEBUG_INFORMATION_FORMAT = dwarf;
				ENABLE_STRICT_OBJC_MSGSEND = YES;
				ENABLE_TESTABILITY = YES;
				GCC_C_LANGUAGE_STANDARD = gnu11;
				GCC_DYNAMIC_NO_PIC = NO;
				GCC_NO_COMMON_BLOCKS = YES;
				GCC_OPTIMIZATION_LEVEL = 0;
				GCC_PREPROCESSOR_DEFINITIONS = (
					"DEBUG=1",
					"$(inherited)",
				);
				GCC_WARN_64_TO_32_BIT_CONVERSION = YES;
				GCC_WARN_ABOUT_RETURN_TYPE = YES_ERROR;
				GCC_WARN_UNDECLARED_SELECTOR = YES;
				GCC_WARN_UNINITIALIZED_AUTOS = YES_AGGRESSIVE;
				GCC_WARN_UNUSED_FUNCTION = YES;
				GCC_WARN_UNUSED_VARIABLE = YES;
				IPHONEOS_DEPLOYMENT_TARGET = 15.0;
				MTL_ENABLE_DEBUG_INFO = INCLUDE_SOURCE;
				MTL_FAST_MATH = YES;
				ONLY_ACTIVE_ARCH = YES;
				SDKROOT = iphoneos;
				SWIFT_ACTIVE_COMPILATION_CONDITIONS = DEBUG;
				SWIFT_OPTIMIZATION_LEVEL = "-Onone";
			};
			name = Debug;
		};
		A354F69D2A5460640063652A /* Release */ = {
			isa = XCBuildConfiguration;
			buildSettings = {
				ALWAYS_SEARCH_USER_PATHS = NO;
				CLANG_ANALYZER_NONNULL = YES;
				CLANG_ANALYZER_NUMBER_OBJECT_CONVERSION = YES_AGGRESSIVE;
				CLANG_CXX_LANGUAGE_STANDARD = "gnu++20";
				CLANG_ENABLE_MODULES = YES;
				CLANG_ENABLE_OBJC_ARC = YES;
				CLANG_ENABLE_OBJC_WEAK = YES;
				CLANG_WARN_BLOCK_CAPTURE_AUTORELEASING = YES;
				CLANG_WARN_BOOL_CONVERSION = YES;
				CLANG_WARN_COMMA = YES;
				CLANG_WARN_CONSTANT_CONVERSION = YES;
				CLANG_WARN_DEPRECATED_OBJC_IMPLEMENTATIONS = YES;
				CLANG_WARN_DIRECT_OBJC_ISA_USAGE = YES_ERROR;
				CLANG_WARN_DOCUMENTATION_COMMENTS = YES;
				CLANG_WARN_EMPTY_BODY = YES;
				CLANG_WARN_ENUM_CONVERSION = YES;
				CLANG_WARN_INFINITE_RECURSION = YES;
				CLANG_WARN_INT_CONVERSION = YES;
				CLANG_WARN_NON_LITERAL_NULL_CONVERSION = YES;
				CLANG_WARN_OBJC_IMPLICIT_RETAIN_SELF = YES;
				CLANG_WARN_OBJC_LITERAL_CONVERSION = YES;
				CLANG_WARN_OBJC_ROOT_CLASS = YES_ERROR;
				CLANG_WARN_QUOTED_INCLUDE_IN_FRAMEWORK_HEADER = YES;
				CLANG_WARN_RANGE_LOOP_ANALYSIS = YES;
				CLANG_WARN_STRICT_PROTOTYPES = YES;
				CLANG_WARN_SUSPICIOUS_MOVE = YES;
				CLANG_WARN_UNGUARDED_AVAILABILITY = YES_AGGRESSIVE;
				CLANG_WARN_UNREACHABLE_CODE = YES;
				CLANG_WARN__DUPLICATE_METHOD_MATCH = YES;
				COPY_PHASE_STRIP = NO;
				DEBUG_INFORMATION_FORMAT = "dwarf-with-dsym";
				ENABLE_NS_ASSERTIONS = NO;
				ENABLE_STRICT_OBJC_MSGSEND = YES;
				GCC_C_LANGUAGE_STANDARD = gnu11;
				GCC_NO_COMMON_BLOCKS = YES;
				GCC_WARN_64_TO_32_BIT_CONVERSION = YES;
				GCC_WARN_ABOUT_RETURN_TYPE = YES_ERROR;
				GCC_WARN_UNDECLARED_SELECTOR = YES;
				GCC_WARN_UNINITIALIZED_AUTOS = YES_AGGRESSIVE;
				GCC_WARN_UNUSED_FUNCTION = YES;
				GCC_WARN_UNUSED_VARIABLE = YES;
				IPHONEOS_DEPLOYMENT_TARGET = 15.0;
				MTL_ENABLE_DEBUG_INFO = NO;
				MTL_FAST_MATH = YES;
				SDKROOT = iphoneos;
				SWIFT_COMPILATION_MODE = wholemodule;
				SWIFT_OPTIMIZATION_LEVEL = "-O";
				VALIDATE_PRODUCT = YES;
			};
			name = Release;
		};
		A354F69F2A5460640063652A /* Debug */ = {
			isa = XCBuildConfiguration;
			buildSettings = {
				ASSETCATALOG_COMPILER_APPICON_NAME = AppIcon;
				ASSETCATALOG_COMPILER_GLOBAL_ACCENT_COLOR_NAME = AccentColor;
				CODE_SIGN_STYLE = Automatic;
				CURRENT_PROJECT_VERSION = 1;
				DEVELOPMENT_ASSET_PATHS = "\"SwiftUIFirebaseChat/Preview Content\"";
				DEVELOPMENT_TEAM = U2VE4R4QH9;
				ENABLE_PREVIEWS = YES;
				GENERATE_INFOPLIST_FILE = YES;
				INFOPLIST_FILE = SwiftUIFirebaseChat/Info.plist;
				INFOPLIST_KEY_LSSupportsOpeningDocumentsInPlace = YES;
				INFOPLIST_KEY_NSPhotoLibraryUsageDescription = "앨범에 저장하려면 접근권한이 필요로 합니다.";
				INFOPLIST_KEY_UIApplicationSceneManifest_Generation = YES;
				INFOPLIST_KEY_UIApplicationSupportsIndirectInputEvents = YES;
				INFOPLIST_KEY_UILaunchScreen_Generation = YES;
				INFOPLIST_KEY_UISupportedInterfaceOrientations_iPad = "UIInterfaceOrientationPortrait UIInterfaceOrientationPortraitUpsideDown UIInterfaceOrientationLandscapeLeft UIInterfaceOrientationLandscapeRight";
				INFOPLIST_KEY_UISupportedInterfaceOrientations_iPhone = "UIInterfaceOrientationPortrait UIInterfaceOrientationLandscapeLeft UIInterfaceOrientationLandscapeRight";
				INFOPLIST_KEY_UIUserInterfaceStyle = Light;
				IPHONEOS_DEPLOYMENT_TARGET = 15.0;
				LD_RUNPATH_SEARCH_PATHS = (
					"$(inherited)",
					"@executable_path/Frameworks",
				);
				MARKETING_VERSION = 1.0;
				PRODUCT_BUNDLE_IDENTIFIER = BradHeo.SwiftUIFirebaseChat;
				PRODUCT_NAME = "$(TARGET_NAME)";
				SUPPORTED_PLATFORMS = "iphoneos iphonesimulator";
				SUPPORTS_MACCATALYST = NO;
				SUPPORTS_MAC_DESIGNED_FOR_IPHONE_IPAD = NO;
				SWIFT_EMIT_LOC_STRINGS = YES;
				SWIFT_VERSION = 5.0;
				TARGETED_DEVICE_FAMILY = 1;
			};
			name = Debug;
		};
		A354F6A02A5460640063652A /* Release */ = {
			isa = XCBuildConfiguration;
			buildSettings = {
				ASSETCATALOG_COMPILER_APPICON_NAME = AppIcon;
				ASSETCATALOG_COMPILER_GLOBAL_ACCENT_COLOR_NAME = AccentColor;
				CODE_SIGN_STYLE = Automatic;
				CURRENT_PROJECT_VERSION = 1;
				DEVELOPMENT_ASSET_PATHS = "\"SwiftUIFirebaseChat/Preview Content\"";
				DEVELOPMENT_TEAM = U2VE4R4QH9;
				ENABLE_PREVIEWS = YES;
				GENERATE_INFOPLIST_FILE = YES;
				INFOPLIST_FILE = SwiftUIFirebaseChat/Info.plist;
				INFOPLIST_KEY_LSSupportsOpeningDocumentsInPlace = YES;
				INFOPLIST_KEY_NSPhotoLibraryUsageDescription = "앨범에 저장하려면 접근권한이 필요로 합니다.";
				INFOPLIST_KEY_UIApplicationSceneManifest_Generation = YES;
				INFOPLIST_KEY_UIApplicationSupportsIndirectInputEvents = YES;
				INFOPLIST_KEY_UILaunchScreen_Generation = YES;
				INFOPLIST_KEY_UISupportedInterfaceOrientations_iPad = "UIInterfaceOrientationPortrait UIInterfaceOrientationPortraitUpsideDown UIInterfaceOrientationLandscapeLeft UIInterfaceOrientationLandscapeRight";
				INFOPLIST_KEY_UISupportedInterfaceOrientations_iPhone = "UIInterfaceOrientationPortrait UIInterfaceOrientationLandscapeLeft UIInterfaceOrientationLandscapeRight";
				INFOPLIST_KEY_UIUserInterfaceStyle = Light;
				IPHONEOS_DEPLOYMENT_TARGET = 15.0;
				LD_RUNPATH_SEARCH_PATHS = (
					"$(inherited)",
					"@executable_path/Frameworks",
				);
				MARKETING_VERSION = 1.0;
				PRODUCT_BUNDLE_IDENTIFIER = BradHeo.SwiftUIFirebaseChat;
				PRODUCT_NAME = "$(TARGET_NAME)";
				SUPPORTED_PLATFORMS = "iphoneos iphonesimulator";
				SUPPORTS_MACCATALYST = NO;
				SUPPORTS_MAC_DESIGNED_FOR_IPHONE_IPAD = NO;
				SWIFT_EMIT_LOC_STRINGS = YES;
				SWIFT_VERSION = 5.0;
				TARGETED_DEVICE_FAMILY = 1;
			};
			name = Release;
		};
/* End XCBuildConfiguration section */

/* Begin XCConfigurationList section */
		A354F68B2A5460630063652A /* Build configuration list for PBXProject "SwiftUIFirebaseChat" */ = {
			isa = XCConfigurationList;
			buildConfigurations = (
				A354F69C2A5460640063652A /* Debug */,
				A354F69D2A5460640063652A /* Release */,
			);
			defaultConfigurationIsVisible = 0;
			defaultConfigurationName = Release;
		};
		A354F69E2A5460640063652A /* Build configuration list for PBXNativeTarget "SwiftUIFirebaseChat" */ = {
			isa = XCConfigurationList;
			buildConfigurations = (
				A354F69F2A5460640063652A /* Debug */,
				A354F6A02A5460640063652A /* Release */,
			);
			defaultConfigurationIsVisible = 0;
			defaultConfigurationName = Release;
		};
/* End XCConfigurationList section */

/* Begin XCRemoteSwiftPackageReference section */
		A357367A2A6F9D50007B0402 /* XCRemoteSwiftPackageReference "firebase-ios-sdk" */ = {
			isa = XCRemoteSwiftPackageReference;
			repositoryURL = "https://github.com/firebase/firebase-ios-sdk.git";
			requirement = {
				kind = upToNextMajorVersion;
				minimumVersion = 10.0.0;
			};
		};
/* End XCRemoteSwiftPackageReference section */

/* Begin XCSwiftPackageProductDependency section */
		A357367B2A6F9D50007B0402 /* FirebaseAuth */ = {
			isa = XCSwiftPackageProductDependency;
			package = A357367A2A6F9D50007B0402 /* XCRemoteSwiftPackageReference "firebase-ios-sdk" */;
			productName = FirebaseAuth;
		};
		A357367D2A6F9D50007B0402 /* FirebaseFirestore */ = {
			isa = XCSwiftPackageProductDependency;
			package = A357367A2A6F9D50007B0402 /* XCRemoteSwiftPackageReference "firebase-ios-sdk" */;
			productName = FirebaseFirestore;
		};
		A357367F2A6F9D50007B0402 /* FirebaseFirestoreSwift */ = {
			isa = XCSwiftPackageProductDependency;
			package = A357367A2A6F9D50007B0402 /* XCRemoteSwiftPackageReference "firebase-ios-sdk" */;
			productName = FirebaseFirestoreSwift;
		};
		A35736812A6F9D50007B0402 /* FirebaseStorage */ = {
			isa = XCSwiftPackageProductDependency;
			package = A357367A2A6F9D50007B0402 /* XCRemoteSwiftPackageReference "firebase-ios-sdk" */;
			productName = FirebaseStorage;
		};
/* End XCSwiftPackageProductDependency section */
	};
	rootObject = A354F6882A5460630063652A /* Project object */;
}
